
Microsoft Visual Studio Solution File, Format Version 12.00
# Visual Studio Version 16
VisualStudioVersion = 16.0.30907.101
MinimumVisualStudioVersion = 10.0.40219.1
Project("{FAE04EC0-301F-11D3-BF4B-00C04F79EFBC}") = "GenericsHomework", "GenericsHomework\GenericsHomework.csproj", "{7FB05B6E-A5D7-4747-B7F4-3D1A80CC9912}"
EndProject
Project("{FAE04EC0-301F-11D3-BF4B-00C04F79EFBC}") = "GenericsHomework.Tests", "GenericsHomework.Tests\GenericsHomework.Tests.csproj", "{192C1435-A40B-41E0-BA7F-10BF442E3A2A}"
EndProject
Global
	GlobalSection(SolutionConfigurationPlatforms) = preSolution
		Debug|Any CPU = Debug|Any CPU
		Release|Any CPU = Release|Any CPU
	EndGlobalSection
	GlobalSection(ProjectConfigurationPlatforms) = postSolution
		{7FB05B6E-A5D7-4747-B7F4-3D1A80CC9912}.Debug|Any CPU.ActiveCfg = Debug|Any CPU
		{7FB05B6E-A5D7-4747-B7F4-3D1A80CC9912}.Debug|Any CPU.Build.0 = Debug|Any CPU
		{7FB05B6E-A5D7-4747-B7F4-3D1A80CC9912}.Release|Any CPU.ActiveCfg = Release|Any CPU
		{7FB05B6E-A5D7-4747-B7F4-3D1A80CC9912}.Release|Any CPU.Build.0 = Release|Any CPU
		{192C1435-A40B-41E0-BA7F-10BF442E3A2A}.Debug|Any CPU.ActiveCfg = Debug|Any CPU
		{192C1435-A40B-41E0-BA7F-10BF442E3A2A}.Debug|Any CPU.Build.0 = Debug|Any CPU
		{192C1435-A40B-41E0-BA7F-10BF442E3A2A}.Release|Any CPU.ActiveCfg = Release|Any CPU
		{192C1435-A40B-41E0-BA7F-10BF442E3A2A}.Release|Any CPU.Build.0 = Release|Any CPU
	EndGlobalSection
	GlobalSection(SolutionProperties) = preSolution
		HideSolutionNode = FALSE
	EndGlobalSection
	GlobalSection(ExtensibilityGlobals) = postSolution
		SolutionGuid = {31D2BAB4-1C98-425F-A586-85311A234018}
	EndGlobalSection
EndGlobal
