
Microsoft Visual Studio Solution File, Format Version 12.00
# Visual Studio Version 16
VisualStudioVersion = 16.0.30907.101
MinimumVisualStudioVersion = 10.0.40219.1
Project("{FAE04EC0-301F-11D3-BF4B-00C04F79EFBC}") = "Expressions", "Expressions\Expressions.csproj", "{17BF8BFF-2C38-4528-ABF9-0233D19A136B}"
EndProject
Project("{FAE04EC0-301F-11D3-BF4B-00C04F79EFBC}") = "Expressions.Tests", "Expressions.Tests\Expressions.Tests.csproj", "{C66E321F-98AB-41DB-84DB-DE40BD7B3689}"
EndProject
Global
	GlobalSection(SolutionConfigurationPlatforms) = preSolution
		Debug|Any CPU = Debug|Any CPU
		Release|Any CPU = Release|Any CPU
	EndGlobalSection
	GlobalSection(ProjectConfigurationPlatforms) = postSolution
		{17BF8BFF-2C38-4528-ABF9-0233D19A136B}.Debug|Any CPU.ActiveCfg = Debug|Any CPU
		{17BF8BFF-2C38-4528-ABF9-0233D19A136B}.Debug|Any CPU.Build.0 = Debug|Any CPU
		{17BF8BFF-2C38-4528-ABF9-0233D19A136B}.Release|Any CPU.ActiveCfg = Release|Any CPU
		{17BF8BFF-2C38-4528-ABF9-0233D19A136B}.Release|Any CPU.Build.0 = Release|Any CPU
		{C66E321F-98AB-41DB-84DB-DE40BD7B3689}.Debug|Any CPU.ActiveCfg = Debug|Any CPU
		{C66E321F-98AB-41DB-84DB-DE40BD7B3689}.Debug|Any CPU.Build.0 = Debug|Any CPU
		{C66E321F-98AB-41DB-84DB-DE40BD7B3689}.Release|Any CPU.ActiveCfg = Release|Any CPU
		{C66E321F-98AB-41DB-84DB-DE40BD7B3689}.Release|Any CPU.Build.0 = Release|Any CPU
	EndGlobalSection
	GlobalSection(SolutionProperties) = preSolution
		HideSolutionNode = FALSE
	EndGlobalSection
	GlobalSection(ExtensibilityGlobals) = postSolution
		SolutionGuid = {1B20EAC6-1A51-4BCF-ABC4-6124CB8B44AA}
	EndGlobalSection
EndGlobal
