
Microsoft Visual Studio Solution File, Format Version 12.00
# Visual Studio Version 16
VisualStudioVersion = 16.0.30907.101
MinimumVisualStudioVersion = 10.0.40219.1
Project("{FAE04EC0-301F-11D3-BF4B-00C04F79EFBC}") = "GenericStuff.Tests", "GenericStuff.Tests\GenericStuff.Tests.csproj", "{5CB67695-1AD8-4DB9-9B03-D4414DA2FC8C}"
EndProject
Project("{FAE04EC0-301F-11D3-BF4B-00C04F79EFBC}") = "GenericStuff", "GenericStuff\GenericStuff.csproj", "{1D19BFE6-97CC-4D84-B985-56189FB9C9F8}"
EndProject
Global
	GlobalSection(SolutionConfigurationPlatforms) = preSolution
		Debug|Any CPU = Debug|Any CPU
		Release|Any CPU = Release|Any CPU
	EndGlobalSection
	GlobalSection(ProjectConfigurationPlatforms) = postSolution
		{5CB67695-1AD8-4DB9-9B03-D4414DA2FC8C}.Debug|Any CPU.ActiveCfg = Debug|Any CPU
		{5CB67695-1AD8-4DB9-9B03-D4414DA2FC8C}.Debug|Any CPU.Build.0 = Debug|Any CPU
		{5CB67695-1AD8-4DB9-9B03-D4414DA2FC8C}.Release|Any CPU.ActiveCfg = Release|Any CPU
		{5CB67695-1AD8-4DB9-9B03-D4414DA2FC8C}.Release|Any CPU.Build.0 = Release|Any CPU
		{1D19BFE6-97CC-4D84-B985-56189FB9C9F8}.Debug|Any CPU.ActiveCfg = Debug|Any CPU
		{1D19BFE6-97CC-4D84-B985-56189FB9C9F8}.Debug|Any CPU.Build.0 = Debug|Any CPU
		{1D19BFE6-97CC-4D84-B985-56189FB9C9F8}.Release|Any CPU.ActiveCfg = Release|Any CPU
		{1D19BFE6-97CC-4D84-B985-56189FB9C9F8}.Release|Any CPU.Build.0 = Release|Any CPU
	EndGlobalSection
	GlobalSection(SolutionProperties) = preSolution
		HideSolutionNode = FALSE
	EndGlobalSection
	GlobalSection(ExtensibilityGlobals) = postSolution
		SolutionGuid = {BE97C6DE-4601-4D7D-8903-B0FE04F16D51}
	EndGlobalSection
EndGlobal
